# @generated by Move, please check-in and do not edit manually.

[move]
version = 3
manifest_digest = "C9E3D0AAFC72562CA98544401756A92785FB498EB9E0496ADC54AC797941BC0B"
deps_digest = "F8BBB0CCB2491CA29A3DF03D6F92277A4F3574266507ACD77214D37ECA3F3082"
dependencies = [
  { id = "Sui", name = "Sui" },
]

[[move.package]]
id = "MoveStdlib"
source = { git = "https://github.com/MystenLabs/sui.git", rev = "framework/testnet", subdir = "crates/sui-framework/packages/move-stdlib" }

[[move.package]]
id = "Sui"
source = { git = "https://github.com/MystenLabs/sui.git", rev = "framework/testnet", subdir = "crates/sui-framework/packages/sui-framework" }

dependencies = [
  { id = "MoveStdlib", name = "MoveStdlib" },
]

[move.toolchain-version]
compiler-version = "1.43.1"
edition = "2024.beta"
flavor = "sui"

[env]

[env.testnet]
chain-id = "4c78adac"
original-published-id = "0x8716d7274d6d81f48e9f55ea671877dfb4be627073ff9da2fe475174e213cefd"
latest-published-id = "0x8716d7274d6d81f48e9f55ea671877dfb4be627073ff9da2fe475174e213cefd"
published-version = "1"
